
Microsoft Visual Studio Solution File, Format Version 11.00
# Visual Studio 2010
Project("{FAE04EC0-301F-11D3-BF4B-00C04F79EFBC}") = "lab6_client", "lab6_client.csproj", "{208C88A3-7914-4E1F-A341-030CB65CD4FC}"
EndProject
Project("{E24C65DC-7377-472B-9ABA-BC803B73C61A}") = "lab6", "..\lab6\", "{415DC541-BB04-481B-AE60-603F345313F8}"
	ProjectSection(WebsiteProperties) = preProject
		TargetFrameworkMoniker = ".NETFramework,Version%3Dv4.0"
		Debug.AspNetCompiler.VirtualPath = "/lab6"
		Debug.AspNetCompiler.PhysicalPath = "..\lab6\"
		Debug.AspNetCompiler.TargetPath = "PrecompiledWeb\lab6\"
		Debug.AspNetCompiler.Updateable = "true"
		Debug.AspNetCompiler.ForceOverwrite = "true"
		Debug.AspNetCompiler.FixedNames = "false"
		Debug.AspNetCompiler.Debug = "True"
		Release.AspNetCompiler.VirtualPath = "/lab6"
		Release.AspNetCompiler.PhysicalPath = "..\lab6\"
		Release.AspNetCompiler.TargetPath = "PrecompiledWeb\lab6\"
		Release.AspNetCompiler.Updateable = "true"
		Release.AspNetCompiler.ForceOverwrite = "true"
		Release.AspNetCompiler.FixedNames = "false"
		Release.AspNetCompiler.Debug = "False"
		VWDPort = "64148"
	EndProjectSection
EndProject
Global
	GlobalSection(SolutionConfigurationPlatforms) = preSolution
		Debug|Any CPU = Debug|Any CPU
		Debug|Mixed Platforms = Debug|Mixed Platforms
		Debug|x86 = Debug|x86
		Release|Any CPU = Release|Any CPU
		Release|Mixed Platforms = Release|Mixed Platforms
		Release|x86 = Release|x86
	EndGlobalSection
	GlobalSection(ProjectConfigurationPlatforms) = postSolution
		{208C88A3-7914-4E1F-A341-030CB65CD4FC}.Debug|Any CPU.ActiveCfg = Debug|x86
		{208C88A3-7914-4E1F-A341-030CB65CD4FC}.Debug|Mixed Platforms.ActiveCfg = Debug|x86
		{208C88A3-7914-4E1F-A341-030CB65CD4FC}.Debug|Mixed Platforms.Build.0 = Debug|x86
		{208C88A3-7914-4E1F-A341-030CB65CD4FC}.Debug|x86.ActiveCfg = Debug|x86
		{208C88A3-7914-4E1F-A341-030CB65CD4FC}.Debug|x86.Build.0 = Debug|x86
		{208C88A3-7914-4E1F-A341-030CB65CD4FC}.Release|Any CPU.ActiveCfg = Release|x86
		{208C88A3-7914-4E1F-A341-030CB65CD4FC}.Release|Mixed Platforms.ActiveCfg = Release|x86
		{208C88A3-7914-4E1F-A341-030CB65CD4FC}.Release|Mixed Platforms.Build.0 = Release|x86
		{208C88A3-7914-4E1F-A341-030CB65CD4FC}.Release|x86.ActiveCfg = Release|x86
		{208C88A3-7914-4E1F-A341-030CB65CD4FC}.Release|x86.Build.0 = Release|x86
		{415DC541-BB04-481B-AE60-603F345313F8}.Debug|Any CPU.ActiveCfg = Debug|Any CPU
		{415DC541-BB04-481B-AE60-603F345313F8}.Debug|Any CPU.Build.0 = Debug|Any CPU
		{415DC541-BB04-481B-AE60-603F345313F8}.Debug|Mixed Platforms.ActiveCfg = Debug|Any CPU
		{415DC541-BB04-481B-AE60-603F345313F8}.Debug|Mixed Platforms.Build.0 = Debug|Any CPU
		{415DC541-BB04-481B-AE60-603F345313F8}.Debug|x86.ActiveCfg = Debug|Any CPU
		{415DC541-BB04-481B-AE60-603F345313F8}.Release|Any CPU.ActiveCfg = Debug|Any CPU
		{415DC541-BB04-481B-AE60-603F345313F8}.Release|Any CPU.Build.0 = Debug|Any CPU
		{415DC541-BB04-481B-AE60-603F345313F8}.Release|Mixed Platforms.ActiveCfg = Debug|Any CPU
		{415DC541-BB04-481B-AE60-603F345313F8}.Release|Mixed Platforms.Build.0 = Debug|Any CPU
		{415DC541-BB04-481B-AE60-603F345313F8}.Release|x86.ActiveCfg = Debug|Any CPU
	EndGlobalSection
	GlobalSection(SolutionProperties) = preSolution
		HideSolutionNode = FALSE
	EndGlobalSection
EndGlobal
