<?xml version="1.0" encoding="UTF-8" standalone="yes" ?>
<CodeBlocks_project_file>
	<FileVersion major="1" minor="6" />
	<Project>
		<Option title="labs" />
		<Option pch_mode="2" />
		<Option compiler="gcc" />
		<Build>
			<Target title="Debug">
				<Option output="bin/Debug/labs" prefix_auto="1" extension_auto="1" />
				<Option object_output="obj/Debug/" />
				<Option type="1" />
				<Option compiler="gcc" />
				<Compiler>
					<Add option="-g" />
				</Compiler>
			</Target>
			<Target title="Release">
				<Option output="bin/Release/labs" prefix_auto="1" extension_auto="1" />
				<Option object_output="obj/Release/" />
				<Option type="1" />
				<Option compiler="gcc" />
				<Compiler>
					<Add option="-O2" />
				</Compiler>
				<Linker>
					<Add option="-s" />
				</Linker>
			</Target>
		</Build>
		<Compiler>
			<Add option="-Wall" />
		</Compiler>
		<Unit filename="Matrix.cpp" />
		<Unit filename="Matrix.h" />
		<Unit filename="README" />
		<Unit filename="bolzano.cpp" />
		<Unit filename="daivdon.cpp" />
		<Unit filename="fibonacci.cpp" />
		<Unit filename="functions.cpp" />
		<Unit filename="functions.h" />
		<Unit filename="gauss_seidel.cpp" />
		<Unit filename="gold.cpp" />
		<Unit filename="main.cpp" />
		<Unit filename="methods.h" />
		<Unit filename="nVector.cpp" />
		<Unit filename="nVector.h" />
		<Unit filename="partan.cpp" />
		<Unit filename="powell.cpp" />
		<Unit filename="swen.cpp" />
		<Extensions>
			<code_completion />
			<debugger />
		</Extensions>
	</Project>
</CodeBlocks_project_file>
