
Microsoft Visual Studio Solution File, Format Version 11.00
# Visual C# Express 2010
Project("{FAE04EC0-301F-11D3-BF4B-00C04F79EFBC}") = "FileDetails", "FileDetails\FileDetails.csproj", "{886BD6FD-A53D-4198-92EA-53ABE70B2B27}"
EndProject
Project("{FAE04EC0-301F-11D3-BF4B-00C04F79EFBC}") = "Matrix", "MatrixMultiply\Matrix.csproj", "{AC82ED08-7E94-4765-B60B-C2E834451212}"
EndProject
Global
	GlobalSection(SolutionConfigurationPlatforms) = preSolution
		Debug|x86 = Debug|x86
		Release|x86 = Release|x86
	EndGlobalSection
	GlobalSection(ProjectConfigurationPlatforms) = postSolution
		{886BD6FD-A53D-4198-92EA-53ABE70B2B27}.Debug|x86.ActiveCfg = Debug|x86
		{886BD6FD-A53D-4198-92EA-53ABE70B2B27}.Debug|x86.Build.0 = Debug|x86
		{886BD6FD-A53D-4198-92EA-53ABE70B2B27}.Release|x86.ActiveCfg = Release|x86
		{886BD6FD-A53D-4198-92EA-53ABE70B2B27}.Release|x86.Build.0 = Release|x86
		{AC82ED08-7E94-4765-B60B-C2E834451212}.Debug|x86.ActiveCfg = Debug|x86
		{AC82ED08-7E94-4765-B60B-C2E834451212}.Debug|x86.Build.0 = Debug|x86
		{AC82ED08-7E94-4765-B60B-C2E834451212}.Release|x86.ActiveCfg = Release|x86
		{AC82ED08-7E94-4765-B60B-C2E834451212}.Release|x86.Build.0 = Release|x86
	EndGlobalSection
	GlobalSection(SolutionProperties) = preSolution
		HideSolutionNode = FALSE
	EndGlobalSection
EndGlobal
