
Microsoft Visual Studio Solution File, Format Version 11.00
# Visual C# Express 2010
Project("{FAE04EC0-301F-11D3-BF4B-00C04F79EFBC}") = "Bank", "Lab7\Bank.csproj", "{ACC85F7C-9F48-4ED6-8DF3-94CA0B4E91AF}"
EndProject
Project("{FAE04EC0-301F-11D3-BF4B-00C04F79EFBC}") = "Utis2.0", "UtisReverse\Utis2.0.csproj", "{1C319E86-3894-4CDB-B6FD-7579224D84A9}"
EndProject
Project("{FAE04EC0-301F-11D3-BF4B-00C04F79EFBC}") = "CopyFileUpper", "CopyFileUpper\CopyFileUpper.csproj", "{2E6D16AD-3518-4A66-B9F0-3B93E71AA24C}"
EndProject
Project("{FAE04EC0-301F-11D3-BF4B-00C04F79EFBC}") = "TestDisplay", "TestDisplay\TestDisplay.csproj", "{0A0EE39D-274B-43A6-BF4F-71C99878C532}"
EndProject
Global
	GlobalSection(SolutionConfigurationPlatforms) = preSolution
		Debug|x86 = Debug|x86
		Release|x86 = Release|x86
	EndGlobalSection
	GlobalSection(ProjectConfigurationPlatforms) = postSolution
		{ACC85F7C-9F48-4ED6-8DF3-94CA0B4E91AF}.Debug|x86.ActiveCfg = Debug|x86
		{ACC85F7C-9F48-4ED6-8DF3-94CA0B4E91AF}.Debug|x86.Build.0 = Debug|x86
		{ACC85F7C-9F48-4ED6-8DF3-94CA0B4E91AF}.Release|x86.ActiveCfg = Release|x86
		{ACC85F7C-9F48-4ED6-8DF3-94CA0B4E91AF}.Release|x86.Build.0 = Release|x86
		{1C319E86-3894-4CDB-B6FD-7579224D84A9}.Debug|x86.ActiveCfg = Debug|x86
		{1C319E86-3894-4CDB-B6FD-7579224D84A9}.Debug|x86.Build.0 = Debug|x86
		{1C319E86-3894-4CDB-B6FD-7579224D84A9}.Release|x86.ActiveCfg = Release|x86
		{1C319E86-3894-4CDB-B6FD-7579224D84A9}.Release|x86.Build.0 = Release|x86
		{2E6D16AD-3518-4A66-B9F0-3B93E71AA24C}.Debug|x86.ActiveCfg = Debug|x86
		{2E6D16AD-3518-4A66-B9F0-3B93E71AA24C}.Debug|x86.Build.0 = Debug|x86
		{2E6D16AD-3518-4A66-B9F0-3B93E71AA24C}.Release|x86.ActiveCfg = Release|x86
		{2E6D16AD-3518-4A66-B9F0-3B93E71AA24C}.Release|x86.Build.0 = Release|x86
		{0A0EE39D-274B-43A6-BF4F-71C99878C532}.Debug|x86.ActiveCfg = Debug|x86
		{0A0EE39D-274B-43A6-BF4F-71C99878C532}.Debug|x86.Build.0 = Debug|x86
		{0A0EE39D-274B-43A6-BF4F-71C99878C532}.Release|x86.ActiveCfg = Release|x86
		{0A0EE39D-274B-43A6-BF4F-71C99878C532}.Release|x86.Build.0 = Release|x86
	EndGlobalSection
	GlobalSection(SolutionProperties) = preSolution
		HideSolutionNode = FALSE
	EndGlobalSection
EndGlobal
