
Microsoft Visual Studio Solution File, Format Version 11.00
# Visual C# Express 2010
Project("{FAE04EC0-301F-11D3-BF4B-00C04F79EFBC}") = "DurakWin32", "DurakWin32\DurakWin32.csproj", "{99A854AB-21B6-4AA0-9EA6-691E1D3D73CC}"
EndProject
Global
	GlobalSection(SolutionConfigurationPlatforms) = preSolution
		Debug|x86 = Debug|x86
		Release|x86 = Release|x86
	EndGlobalSection
	GlobalSection(ProjectConfigurationPlatforms) = postSolution
		{99A854AB-21B6-4AA0-9EA6-691E1D3D73CC}.Debug|x86.ActiveCfg = Debug|x86
		{99A854AB-21B6-4AA0-9EA6-691E1D3D73CC}.Debug|x86.Build.0 = Debug|x86
		{99A854AB-21B6-4AA0-9EA6-691E1D3D73CC}.Release|x86.ActiveCfg = Release|x86
		{99A854AB-21B6-4AA0-9EA6-691E1D3D73CC}.Release|x86.Build.0 = Release|x86
	EndGlobalSection
	GlobalSection(SolutionProperties) = preSolution
		HideSolutionNode = FALSE
	EndGlobalSection
EndGlobal
